
Microsoft Visual Studio Solution File, Format Version 12.00
# Visual Studio Version 16
VisualStudioVersion = 16.0.31729.503
MinimumVisualStudioVersion = 10.0.40219.1
Project("{FAE04EC0-301F-11D3-BF4B-00C04F79EFBC}") = "ObjetosLinq", "ObjetosLinq\ObjetosLinq.csproj", "{A31E59B5-CC22-44D4-8E07-655558013DF6}"
EndProject
Global
	GlobalSection(SolutionConfigurationPlatforms) = preSolution
		Debug|Any CPU = Debug|Any CPU
		Release|Any CPU = Release|Any CPU
	EndGlobalSection
	GlobalSection(ProjectConfigurationPlatforms) = postSolution
		{A31E59B5-CC22-44D4-8E07-655558013DF6}.Debug|Any CPU.ActiveCfg = Debug|Any CPU
		{A31E59B5-CC22-44D4-8E07-655558013DF6}.Debug|Any CPU.Build.0 = Debug|Any CPU
		{A31E59B5-CC22-44D4-8E07-655558013DF6}.Release|Any CPU.ActiveCfg = Release|Any CPU
		{A31E59B5-CC22-44D4-8E07-655558013DF6}.Release|Any CPU.Build.0 = Release|Any CPU
	EndGlobalSection
	GlobalSection(SolutionProperties) = preSolution
		HideSolutionNode = FALSE
	EndGlobalSection
	GlobalSection(ExtensibilityGlobals) = postSolution
		SolutionGuid = {A71EB90C-3C64-4B8D-8A8A-25CA3F3E2B7B}
	EndGlobalSection
EndGlobal
